
Microsoft Visual Studio Solution File, Format Version 12.00
# Visual Studio Version 17
VisualStudioVersion = 17.5.33516.290
MinimumVisualStudioVersion = 10.0.40219.1
Project("{8BC9CEB8-8B4A-11D0-8D11-00A0C91BC942}") = "Image-Viewer", "Image-Viewer\Image-Viewer.vcxproj", "{7783C32F-0F11-4094-B3BD-21D5BFE76001}"
EndProject
Global
	GlobalSection(SolutionConfigurationPlatforms) = preSolution
		Debug|x64 = Debug|x64
		Debug|x86 = Debug|x86
		Release|x64 = Release|x64
		Release|x86 = Release|x86
	EndGlobalSection
	GlobalSection(ProjectConfigurationPlatforms) = postSolution
		{7783C32F-0F11-4094-B3BD-21D5BFE76001}.Debug|x64.ActiveCfg = Debug|x64
		{7783C32F-0F11-4094-B3BD-21D5BFE76001}.Debug|x64.Build.0 = Debug|x64
		{7783C32F-0F11-4094-B3BD-21D5BFE76001}.Debug|x86.ActiveCfg = Debug|Win32
		{7783C32F-0F11-4094-B3BD-21D5BFE76001}.Debug|x86.Build.0 = Debug|Win32
		{7783C32F-0F11-4094-B3BD-21D5BFE76001}.Release|x64.ActiveCfg = Release|x64
		{7783C32F-0F11-4094-B3BD-21D5BFE76001}.Release|x64.Build.0 = Release|x64
		{7783C32F-0F11-4094-B3BD-21D5BFE76001}.Release|x86.ActiveCfg = Release|Win32
		{7783C32F-0F11-4094-B3BD-21D5BFE76001}.Release|x86.Build.0 = Release|Win32
	EndGlobalSection
	GlobalSection(SolutionProperties) = preSolution
		HideSolutionNode = FALSE
	EndGlobalSection
	GlobalSection(ExtensibilityGlobals) = postSolution
		SolutionGuid = {7269076C-A935-4F4C-BAFD-E50CBBD5CB95}
	EndGlobalSection
EndGlobal
